
Microsoft Visual Studio Solution File, Format Version 12.00
# Visual Studio 2013
VisualStudioVersion = 12.0.40629.0
MinimumVisualStudioVersion = 10.0.40219.1
Project("{FAE04EC0-301F-11D3-BF4B-00C04F79EFBC}") = "Mentoring.ExpressionsIQueryable.ExpressionTransform", "Mentoring.ExpressionsIQueryable.ExpressionTransform\Mentoring.ExpressionsIQueryable.ExpressionTransform.csproj", "{693F6113-017B-459D-A823-4052247EC041}"
EndProject
Global
	GlobalSection(SolutionConfigurationPlatforms) = preSolution
		Debug|Any CPU = Debug|Any CPU
		Release|Any CPU = Release|Any CPU
	EndGlobalSection
	GlobalSection(ProjectConfigurationPlatforms) = postSolution
		{693F6113-017B-459D-A823-4052247EC041}.Debug|Any CPU.ActiveCfg = Debug|Any CPU
		{693F6113-017B-459D-A823-4052247EC041}.Debug|Any CPU.Build.0 = Debug|Any CPU
		{693F6113-017B-459D-A823-4052247EC041}.Release|Any CPU.ActiveCfg = Release|Any CPU
		{693F6113-017B-459D-A823-4052247EC041}.Release|Any CPU.Build.0 = Release|Any CPU
	EndGlobalSection
	GlobalSection(SolutionProperties) = preSolution
		HideSolutionNode = FALSE
	EndGlobalSection
EndGlobal
