
Microsoft Visual Studio Solution File, Format Version 12.00
# Visual Studio 14
VisualStudioVersion = 14.0.25123.0
MinimumVisualStudioVersion = 10.0.40219.1
Project("{FAE04EC0-301F-11D3-BF4B-00C04F79EFBC}") = "Mentoring.UnmanagedCodeInterop.PowerManagement", "Mentoring.UnmanagedCodeInterop.PowerManagement\Mentoring.UnmanagedCodeInterop.PowerManagement.csproj", "{75B57E96-DEC2-45B5-B358-0DB39CB6CE04}"
EndProject
Project("{FAE04EC0-301F-11D3-BF4B-00C04F79EFBC}") = "Mentoring.UnmanagedCodeInterop.Tests", "Mentoring.UnmanagedCodeInterop.Tests\Mentoring.UnmanagedCodeInterop.Tests.csproj", "{0AAF559F-B395-4524-8F7C-BA396C19C00D}"
EndProject
Global
	GlobalSection(SolutionConfigurationPlatforms) = preSolution
		Debug|Any CPU = Debug|Any CPU
		Release|Any CPU = Release|Any CPU
	EndGlobalSection
	GlobalSection(ProjectConfigurationPlatforms) = postSolution
		{75B57E96-DEC2-45B5-B358-0DB39CB6CE04}.Debug|Any CPU.ActiveCfg = Debug|Any CPU
		{75B57E96-DEC2-45B5-B358-0DB39CB6CE04}.Debug|Any CPU.Build.0 = Debug|Any CPU
		{75B57E96-DEC2-45B5-B358-0DB39CB6CE04}.Release|Any CPU.ActiveCfg = Release|Any CPU
		{75B57E96-DEC2-45B5-B358-0DB39CB6CE04}.Release|Any CPU.Build.0 = Release|Any CPU
		{0AAF559F-B395-4524-8F7C-BA396C19C00D}.Debug|Any CPU.ActiveCfg = Debug|Any CPU
		{0AAF559F-B395-4524-8F7C-BA396C19C00D}.Debug|Any CPU.Build.0 = Debug|Any CPU
		{0AAF559F-B395-4524-8F7C-BA396C19C00D}.Release|Any CPU.ActiveCfg = Release|Any CPU
		{0AAF559F-B395-4524-8F7C-BA396C19C00D}.Release|Any CPU.Build.0 = Release|Any CPU
	EndGlobalSection
	GlobalSection(SolutionProperties) = preSolution
		HideSolutionNode = FALSE
	EndGlobalSection
EndGlobal
