
Microsoft Visual Studio Solution File, Format Version 12.00
# Visual Studio 14
VisualStudioVersion = 14.0.25123.0
MinimumVisualStudioVersion = 10.0.40219.1
Project("{FAE04EC0-301F-11D3-BF4B-00C04F79EFBC}") = "Mentoring.AdvancedXml.Validation", "Mentoring.AdvancedXml.Validation\Mentoring.AdvancedXml.Validation.csproj", "{A2991AFB-3DEC-473E-BF26-302F978C9867}"
EndProject
Project("{FAE04EC0-301F-11D3-BF4B-00C04F79EFBC}") = "Mentoring.AdvancedXml.Tests", "Mentoring.AdvancedXml.Tests\Mentoring.AdvancedXml.Tests.csproj", "{00CA28FE-1E24-4057-9E23-203092CCB243}"
EndProject
Project("{FAE04EC0-301F-11D3-BF4B-00C04F79EFBC}") = "Mentoring.AdvancedXml.RSSTransformation", "Mentoring.AdvancedXml.RSSTransformation\Mentoring.AdvancedXml.RSSTransformation.csproj", "{3CE7D8D6-BF5B-4567-B82B-0236A532913C}"
EndProject
Project("{FAE04EC0-301F-11D3-BF4B-00C04F79EFBC}") = "Mentoring.AdvancedXml.HtmlTransformation", "Mentoring.AdvancedXml.HtmlTransformation\Mentoring.AdvancedXml.HtmlTransformation.csproj", "{B08AF96B-BF95-4B89-8D40-329CA0CFD673}"
EndProject
Global
	GlobalSection(SolutionConfigurationPlatforms) = preSolution
		Debug|Any CPU = Debug|Any CPU
		Release|Any CPU = Release|Any CPU
	EndGlobalSection
	GlobalSection(ProjectConfigurationPlatforms) = postSolution
		{A2991AFB-3DEC-473E-BF26-302F978C9867}.Debug|Any CPU.ActiveCfg = Debug|Any CPU
		{A2991AFB-3DEC-473E-BF26-302F978C9867}.Debug|Any CPU.Build.0 = Debug|Any CPU
		{A2991AFB-3DEC-473E-BF26-302F978C9867}.Release|Any CPU.ActiveCfg = Release|Any CPU
		{A2991AFB-3DEC-473E-BF26-302F978C9867}.Release|Any CPU.Build.0 = Release|Any CPU
		{00CA28FE-1E24-4057-9E23-203092CCB243}.Debug|Any CPU.ActiveCfg = Debug|Any CPU
		{00CA28FE-1E24-4057-9E23-203092CCB243}.Debug|Any CPU.Build.0 = Debug|Any CPU
		{00CA28FE-1E24-4057-9E23-203092CCB243}.Release|Any CPU.ActiveCfg = Release|Any CPU
		{00CA28FE-1E24-4057-9E23-203092CCB243}.Release|Any CPU.Build.0 = Release|Any CPU
		{3CE7D8D6-BF5B-4567-B82B-0236A532913C}.Debug|Any CPU.ActiveCfg = Debug|Any CPU
		{3CE7D8D6-BF5B-4567-B82B-0236A532913C}.Debug|Any CPU.Build.0 = Debug|Any CPU
		{3CE7D8D6-BF5B-4567-B82B-0236A532913C}.Release|Any CPU.ActiveCfg = Release|Any CPU
		{3CE7D8D6-BF5B-4567-B82B-0236A532913C}.Release|Any CPU.Build.0 = Release|Any CPU
		{B08AF96B-BF95-4B89-8D40-329CA0CFD673}.Debug|Any CPU.ActiveCfg = Debug|Any CPU
		{B08AF96B-BF95-4B89-8D40-329CA0CFD673}.Debug|Any CPU.Build.0 = Debug|Any CPU
		{B08AF96B-BF95-4B89-8D40-329CA0CFD673}.Release|Any CPU.ActiveCfg = Release|Any CPU
		{B08AF96B-BF95-4B89-8D40-329CA0CFD673}.Release|Any CPU.Build.0 = Release|Any CPU
	EndGlobalSection
	GlobalSection(SolutionProperties) = preSolution
		HideSolutionNode = FALSE
	EndGlobalSection
EndGlobal
